// !$*UTF8*$!
{
	archiveVersion = 1;
	classes = {
	};
	objectVersion = 48;
	objects = {

/* Begin PBXBuildFile section */
		E20EABD21FAFA38700B2CD86 /* CatagoryCell.swift in Sources */ = {isa = PBXBuildFile; fileRef = E20EABD11FAFA38700B2CD86 /* CatagoryCell.swift */; };
		E2BD9C861FAF8DE000F8EAF3 /* AppDelegate.swift in Sources */ = {isa = PBXBuildFile; fileRef = E2BD9C851FAF8DE000F8EAF3 /* AppDelegate.swift */; };
		E2BD9C881FAF8DE000F8EAF3 /* CategoriesVC.swift in Sources */ = {isa = PBXBuildFile; fileRef = E2BD9C871FAF8DE000F8EAF3 /* CategoriesVC.swift */; };
		E2BD9C8B1FAF8DE000F8EAF3 /* Main.storyboard in Resources */ = {isa = PBXBuildFile; fileRef = E2BD9C891FAF8DE000F8EAF3 /* Main.storyboard */; };
		E2BD9C8D1FAF8DE000F8EAF3 /* Assets.xcassets in Resources */ = {isa = PBXBuildFile; fileRef = E2BD9C8C1FAF8DE000F8EAF3 /* Assets.xcassets */; };
		E2BD9C901FAF8DE000F8EAF3 /* LaunchScreen.storyboard in Resources */ = {isa = PBXBuildFile; fileRef = E2BD9C8E1FAF8DE000F8EAF3 /* LaunchScreen.storyboard */; };
		E2EFB22B1FB21D4B00CD5B5B /* Category.swift in Sources */ = {isa = PBXBuildFile; fileRef = E2EFB22A1FB21D4B00CD5B5B /* Category.swift */; };
		E2EFB2301FB21F4300CD5B5B /* DataService.swift in Sources */ = {isa = PBXBuildFile; fileRef = E2EFB22F1FB21F4300CD5B5B /* DataService.swift */; };
/* End PBXBuildFile section */

/* Begin PBXFileReference section */
		E20EABD11FAFA38700B2CD86 /* CatagoryCell.swift */ = {isa = PBXFileReference; lastKnownFileType = sourcecode.swift; path = CatagoryCell.swift; sourceTree = "<group>"; };
		E2BD9C821FAF8DE000F8EAF3 /* CoderSwag.app */ = {isa = PBXFileReference; explicitFileType = wrapper.application; includeInIndex = 0; path = CoderSwag.app; sourceTree = BUILT_PRODUCTS_DIR; };
		E2BD9C851FAF8DE000F8EAF3 /* AppDelegate.swift */ = {isa = PBXFileReference; lastKnownFileType = sourcecode.swift; path = AppDelegate.swift; sourceTree = "<group>"; };
		E2BD9C871FAF8DE000F8EAF3 /* CategoriesVC.swift */ = {isa = PBXFileReference; lastKnownFileType = sourcecode.swift; path = CategoriesVC.swift; sourceTree = "<group>"; };
		E2BD9C8A1FAF8DE000F8EAF3 /* Base */ = {isa = PBXFileReference; lastKnownFileType = file.storyboard; name = Base; path = Base.lproj/Main.storyboard; sourceTree = "<group>"; };
		E2BD9C8C1FAF8DE000F8EAF3 /* Assets.xcassets */ = {isa = PBXFileReference; lastKnownFileType = folder.assetcatalog; path = Assets.xcassets; sourceTree = "<group>"; };
		E2BD9C8F1FAF8DE000F8EAF3 /* Base */ = {isa = PBXFileReference; lastKnownFileType = file.storyboard; name = Base; path = Base.lproj/LaunchScreen.storyboard; sourceTree = "<group>"; };
		E2BD9C911FAF8DE000F8EAF3 /* Info.plist */ = {isa = PBXFileReference; lastKnownFileType = text.plist.xml; path = Info.plist; sourceTree = "<group>"; };
		E2EFB22A1FB21D4B00CD5B5B /* Category.swift */ = {isa = PBXFileReference; lastKnownFileType = sourcecode.swift; path = Category.swift; sourceTree = "<group>"; };
		E2EFB22F1FB21F4300CD5B5B /* DataService.swift */ = {isa = PBXFileReference; lastKnownFileType = sourcecode.swift; path = DataService.swift; sourceTree = "<group>"; };
/* End PBXFileReference section */

/* Begin PBXFrameworksBuildPhase section */
		E2BD9C7F1FAF8DE000F8EAF3 /* Frameworks */ = {
			isa = PBXFrameworksBuildPhase;
			buildActionMask = 2147483647;
			files = (
			);
			runOnlyForDeploymentPostprocessing = 0;
		};
/* End PBXFrameworksBuildPhase section */

/* Begin PBXGroup section */
		E20EABCE1FAFA2C200B2CD86 /* Model */ = {
			isa = PBXGroup;
			children = (
				E2EFB22A1FB21D4B00CD5B5B /* Category.swift */,
				E2EFB22C1FB21EE700CD5B5B /* Service */,
			);
			path = Model;
			sourceTree = "<group>";
		};
		E20EABCF1FAFA2D100B2CD86 /* Controller */ = {
			isa = PBXGroup;
			children = (
				E2BD9C871FAF8DE000F8EAF3 /* CategoriesVC.swift */,
			);
			path = Controller;
			sourceTree = "<group>";
		};
		E20EABD01FAFA2DF00B2CD86 /* View */ = {
			isa = PBXGroup;
			children = (
				E20EABD11FAFA38700B2CD86 /* CatagoryCell.swift */,
			);
			path = View;
			sourceTree = "<group>";
		};
		E2BD9C791FAF8DE000F8EAF3 = {
			isa = PBXGroup;
			children = (
				E2BD9C841FAF8DE000F8EAF3 /* CoderSwag */,
				E2BD9C831FAF8DE000F8EAF3 /* Products */,
			);
			sourceTree = "<group>";
		};
		E2BD9C831FAF8DE000F8EAF3 /* Products */ = {
			isa = PBXGroup;
			children = (
				E2BD9C821FAF8DE000F8EAF3 /* CoderSwag.app */,
			);
			name = Products;
			sourceTree = "<group>";
		};
		E2BD9C841FAF8DE000F8EAF3 /* CoderSwag */ = {
			isa = PBXGroup;
			children = (
				E20EABCF1FAFA2D100B2CD86 /* Controller */,
				E20EABD01FAFA2DF00B2CD86 /* View */,
				E20EABCE1FAFA2C200B2CD86 /* Model */,
				E2BD9C851FAF8DE000F8EAF3 /* AppDelegate.swift */,
				E2BD9C891FAF8DE000F8EAF3 /* Main.storyboard */,
				E2BD9C8C1FAF8DE000F8EAF3 /* Assets.xcassets */,
				E2BD9C8E1FAF8DE000F8EAF3 /* LaunchScreen.storyboard */,
				E2BD9C911FAF8DE000F8EAF3 /* Info.plist */,
			);
			path = CoderSwag;
			sourceTree = "<group>";
		};
		E2EFB22C1FB21EE700CD5B5B /* Service */ = {
			isa = PBXGroup;
			children = (
				E2EFB22F1FB21F4300CD5B5B /* DataService.swift */,
			);
			path = Service;
			sourceTree = "<group>";
		};
/* End PBXGroup section */

/* Begin PBXNativeTarget section */
		E2BD9C811FAF8DE000F8EAF3 /* CoderSwag */ = {
			isa = PBXNativeTarget;
			buildConfigurationList = E2BD9C941FAF8DE000F8EAF3 /* Build configuration list for PBXNativeTarget "CoderSwag" */;
			buildPhases = (
				E2BD9C7E1FAF8DE000F8EAF3 /* Sources */,
				E2BD9C7F1FAF8DE000F8EAF3 /* Frameworks */,
				E2BD9C801FAF8DE000F8EAF3 /* Resources */,
			);
			buildRules = (
			);
			dependencies = (
			);
			name = CoderSwag;
			productName = CoderSwag;
			productReference = E2BD9C821FAF8DE000F8EAF3 /* CoderSwag.app */;
			productType = "com.apple.product-type.application";
		};
/* End PBXNativeTarget section */

/* Begin PBXProject section */
		E2BD9C7A1FAF8DE000F8EAF3 /* Project object */ = {
			isa = PBXProject;
			attributes = {
				LastSwiftUpdateCheck = 0900;
				LastUpgradeCheck = 0900;
				ORGANIZATIONNAME = "Theophilos Aravanis";
				TargetAttributes = {
					E2BD9C811FAF8DE000F8EAF3 = {
						CreatedOnToolsVersion = 9.0;
						ProvisioningStyle = Automatic;
					};
				};
			};
			buildConfigurationList = E2BD9C7D1FAF8DE000F8EAF3 /* Build configuration list for PBXProject "CoderSwag" */;
			compatibilityVersion = "Xcode 8.0";
			developmentRegion = en;
			hasScannedForEncodings = 0;
			knownRegions = (
				en,
				Base,
			);
			mainGroup = E2BD9C791FAF8DE000F8EAF3;
			productRefGroup = E2BD9C831FAF8DE000F8EAF3 /* Products */;
			projectDirPath = "";
			projectRoot = "";
			targets = (
				E2BD9C811FAF8DE000F8EAF3 /* CoderSwag */,
			);
		};
/* End PBXProject section */

/* Begin PBXResourcesBuildPhase section */
		E2BD9C801FAF8DE000F8EAF3 /* Resources */ = {
			isa = PBXResourcesBuildPhase;
			buildActionMask = 2147483647;
			files = (
				E2BD9C901FAF8DE000F8EAF3 /* LaunchScreen.storyboard in Resources */,
				E2BD9C8D1FAF8DE000F8EAF3 /* Assets.xcassets in Resources */,
				E2BD9C8B1FAF8DE000F8EAF3 /* Main.storyboard in Resources */,
			);
			runOnlyForDeploymentPostprocessing = 0;
		};
/* End PBXResourcesBuildPhase section */

/* Begin PBXSourcesBuildPhase section */
		E2BD9C7E1FAF8DE000F8EAF3 /* Sources */ = {
			isa = PBXSourcesBuildPhase;
			buildActionMask = 2147483647;
			files = (
				E2BD9C881FAF8DE000F8EAF3 /* CategoriesVC.swift in Sources */,
				E20EABD21FAFA38700B2CD86 /* CatagoryCell.swift in Sources */,
				E2BD9C861FAF8DE000F8EAF3 /* AppDelegate.swift in Sources */,
				E2EFB22B1FB21D4B00CD5B5B /* Category.swift in Sources */,
				E2EFB2301FB21F4300CD5B5B /* DataService.swift in Sources */,
			);
			runOnlyForDeploymentPostprocessing = 0;
		};
/* End PBXSourcesBuildPhase section */

/* Begin PBXVariantGroup section */
		E2BD9C891FAF8DE000F8EAF3 /* Main.storyboard */ = {
			isa = PBXVariantGroup;
			children = (
				E2BD9C8A1FAF8DE000F8EAF3 /* Base */,
			);
			name = Main.storyboard;
			sourceTree = "<group>";
		};
		E2BD9C8E1FAF8DE000F8EAF3 /* LaunchScreen.storyboard */ = {
			isa = PBXVariantGroup;
			children = (
				E2BD9C8F1FAF8DE000F8EAF3 /* Base */,
			);
			name = LaunchScreen.storyboard;
			sourceTree = "<group>";
		};
/* End PBXVariantGroup section */

/* Begin XCBuildConfiguration section */
		E2BD9C921FAF8DE000F8EAF3 /* Debug */ = {
			isa = XCBuildConfiguration;
			buildSettings = {
				ALWAYS_SEARCH_USER_PATHS = NO;
				CLANG_ANALYZER_NONNULL = YES;
				CLANG_ANALYZER_NUMBER_OBJECT_CONVERSION = YES_AGGRESSIVE;
				CLANG_CXX_LANGUAGE_STANDARD = "gnu++14";
				CLANG_CXX_LIBRARY = "libc++";
				CLANG_ENABLE_MODULES = YES;
				CLANG_ENABLE_OBJC_ARC = YES;
				CLANG_WARN_BLOCK_CAPTURE_AUTORELEASING = YES;
				CLANG_WARN_BOOL_CONVERSION = YES;
				CLANG_WARN_COMMA = YES;
				CLANG_WARN_CONSTANT_CONVERSION = YES;
				CLANG_WARN_DIRECT_OBJC_ISA_USAGE = YES_ERROR;
				CLANG_WARN_DOCUMENTATION_COMMENTS = YES;
				CLANG_WARN_EMPTY_BODY = YES;
				CLANG_WARN_ENUM_CONVERSION = YES;
				CLANG_WARN_INFINITE_RECURSION = YES;
				CLANG_WARN_INT_CONVERSION = YES;
				CLANG_WARN_NON_LITERAL_NULL_CONVERSION = YES;
				CLANG_WARN_OBJC_LITERAL_CONVERSION = YES;
				CLANG_WARN_OBJC_ROOT_CLASS = YES_ERROR;
				CLANG_WARN_RANGE_LOOP_ANALYSIS = YES;
				CLANG_WARN_STRICT_PROTOTYPES = YES;
				CLANG_WARN_SUSPICIOUS_MOVE = YES;
				CLANG_WARN_UNGUARDED_AVAILABILITY = YES_AGGRESSIVE;
				CLANG_WARN_UNREACHABLE_CODE = YES;
				CLANG_WARN__DUPLICATE_METHOD_MATCH = YES;
				CODE_SIGN_IDENTITY = "iPhone Developer";
				COPY_PHASE_STRIP = NO;
				DEBUG_INFORMATION_FORMAT = dwarf;
				ENABLE_STRICT_OBJC_MSGSEND = YES;
				ENABLE_TESTABILITY = YES;
				GCC_C_LANGUAGE_STANDARD = gnu11;
				GCC_DYNAMIC_NO_PIC = NO;
				GCC_NO_COMMON_BLOCKS = YES;
				GCC_OPTIMIZATION_LEVEL = 0;
				GCC_PREPROCESSOR_DEFINITIONS = (
					"DEBUG=1",
					"$(inherited)",
				);
				GCC_WARN_64_TO_32_BIT_CONVERSION = YES;
				GCC_WARN_ABOUT_RETURN_TYPE = YES_ERROR;
				GCC_WARN_UNDECLARED_SELECTOR = YES;
				GCC_WARN_UNINITIALIZED_AUTOS = YES_AGGRESSIVE;
				GCC_WARN_UNUSED_FUNCTION = YES;
				GCC_WARN_UNUSED_VARIABLE = YES;
				IPHONEOS_DEPLOYMENT_TARGET = 11.0;
				MTL_ENABLE_DEBUG_INFO = YES;
				ONLY_ACTIVE_ARCH = YES;
				SDKROOT = iphoneos;
				SWIFT_ACTIVE_COMPILATION_CONDITIONS = DEBUG;
				SWIFT_OPTIMIZATION_LEVEL = "-Onone";
			};
			name = Debug;
		};
		E2BD9C931FAF8DE000F8EAF3 /* Release */ = {
			isa = XCBuildConfiguration;
			buildSettings = {
				ALWAYS_SEARCH_USER_PATHS = NO;
				CLANG_ANALYZER_NONNULL = YES;
				CLANG_ANALYZER_NUMBER_OBJECT_CONVERSION = YES_AGGRESSIVE;
				CLANG_CXX_LANGUAGE_STANDARD = "gnu++14";
				CLANG_CXX_LIBRARY = "libc++";
				CLANG_ENABLE_MODULES = YES;
				CLANG_ENABLE_OBJC_ARC = YES;
				CLANG_WARN_BLOCK_CAPTURE_AUTORELEASING = YES;
				CLANG_WARN_BOOL_CONVERSION = YES;
				CLANG_WARN_COMMA = YES;
				CLANG_WARN_CONSTANT_CONVERSION = YES;
				CLANG_WARN_DIRECT_OBJC_ISA_USAGE = YES_ERROR;
				CLANG_WARN_DOCUMENTATION_COMMENTS = YES;
				CLANG_WARN_EMPTY_BODY = YES;
				CLANG_WARN_ENUM_CONVERSION = YES;
				CLANG_WARN_INFINITE_RECURSION = YES;
				CLANG_WARN_INT_CONVERSION = YES;
				CLANG_WARN_NON_LITERAL_NULL_CONVERSION = YES;
				CLANG_WARN_OBJC_LITERAL_CONVERSION = YES;
				CLANG_WARN_OBJC_ROOT_CLASS = YES_ERROR;
				CLANG_WARN_RANGE_LOOP_ANALYSIS = YES;
				CLANG_WARN_STRICT_PROTOTYPES = YES;
				CLANG_WARN_SUSPICIOUS_MOVE = YES;
				CLANG_WARN_UNGUARDED_AVAILABILITY = YES_AGGRESSIVE;
				CLANG_WARN_UNREACHABLE_CODE = YES;
				CLANG_WARN__DUPLICATE_METHOD_MATCH = YES;
				CODE_SIGN_IDENTITY = "iPhone Developer";
				COPY_PHASE_STRIP = NO;
				DEBUG_INFORMATION_FORMAT = "dwarf-with-dsym";
				ENABLE_NS_ASSERTIONS = NO;
				ENABLE_STRICT_OBJC_MSGSEND = YES;
				GCC_C_LANGUAGE_STANDARD = gnu11;
				GCC_NO_COMMON_BLOCKS = YES;
				GCC_WARN_64_TO_32_BIT_CONVERSION = YES;
				GCC_WARN_ABOUT_RETURN_TYPE = YES_ERROR;
				GCC_WARN_UNDECLARED_SELECTOR = YES;
				GCC_WARN_UNINITIALIZED_AUTOS = YES_AGGRESSIVE;
				GCC_WARN_UNUSED_FUNCTION = YES;
				GCC_WARN_UNUSED_VARIABLE = YES;
				IPHONEOS_DEPLOYMENT_TARGET = 11.0;
				MTL_ENABLE_DEBUG_INFO = NO;
				SDKROOT = iphoneos;
				SWIFT_OPTIMIZATION_LEVEL = "-Owholemodule";
				VALIDATE_PRODUCT = YES;
			};
			name = Release;
		};
		E2BD9C951FAF8DE000F8EAF3 /* Debug */ = {
			isa = XCBuildConfiguration;
			buildSettings = {
				ASSETCATALOG_COMPILER_APPICON_NAME = AppIcon;
				CODE_SIGN_STYLE = Automatic;
				DEVELOPMENT_TEAM = 2LY934X687;
				INFOPLIST_FILE = CoderSwag/Info.plist;
				LD_RUNPATH_SEARCH_PATHS = "$(inherited) @executable_path/Frameworks";
				PRODUCT_BUNDLE_IDENTIFIER = edu.self.CoderSwag;
				PRODUCT_NAME = "$(TARGET_NAME)";
				SWIFT_VERSION = 4.0;
				TARGETED_DEVICE_FAMILY = "1,2";
			};
			name = Debug;
		};
		E2BD9C961FAF8DE000F8EAF3 /* Release */ = {
			isa = XCBuildConfiguration;
			buildSettings = {
				ASSETCATALOG_COMPILER_APPICON_NAME = AppIcon;
				CODE_SIGN_STYLE = Automatic;
				DEVELOPMENT_TEAM = 2LY934X687;
				INFOPLIST_FILE = CoderSwag/Info.plist;
				LD_RUNPATH_SEARCH_PATHS = "$(inherited) @executable_path/Frameworks";
				PRODUCT_BUNDLE_IDENTIFIER = edu.self.CoderSwag;
				PRODUCT_NAME = "$(TARGET_NAME)";
				SWIFT_VERSION = 4.0;
				TARGETED_DEVICE_FAMILY = "1,2";
			};
			name = Release;
		};
/* End XCBuildConfiguration section */

/* Begin XCConfigurationList section */
		E2BD9C7D1FAF8DE000F8EAF3 /* Build configuration list for PBXProject "CoderSwag" */ = {
			isa = XCConfigurationList;
			buildConfigurations = (
				E2BD9C921FAF8DE000F8EAF3 /* Debug */,
				E2BD9C931FAF8DE000F8EAF3 /* Release */,
			);
			defaultConfigurationIsVisible = 0;
			defaultConfigurationName = Release;
		};
		E2BD9C941FAF8DE000F8EAF3 /* Build configuration list for PBXNativeTarget "CoderSwag" */ = {
			isa = XCConfigurationList;
			buildConfigurations = (
				E2BD9C951FAF8DE000F8EAF3 /* Debug */,
				E2BD9C961FAF8DE000F8EAF3 /* Release */,
			);
			defaultConfigurationIsVisible = 0;
			defaultConfigurationName = Release;
		};
/* End XCConfigurationList section */
	};
	rootObject = E2BD9C7A1FAF8DE000F8EAF3 /* Project object */;
}
